# @generated - this file is auto-generated by `mise lock` https://mise.en.dev/dev-tools/mise-lock.html

[[tools."gem:reek"]]
version = "6.5.0"
backend = "gem:reek"

[[tools."gem:rubocop"]]
version = "1.87.0"
backend = "gem:rubocop"

[[tools.ruby]]
version = "4.0.5"
backend = "core:ruby"

[tools.ruby."platforms.linux-arm64"]
checksum = "sha256:fa8d337b2e97149f17d609cec5e6e5907f032390ad24bc3095f66157ce2eddf1"
url = "https://github.com/jdx/ruby/releases/download/4.0.5-1/ruby-4.0.5.arm64_linux.tar.gz"
provenance = "github-attestations"

[tools.ruby."platforms.linux-arm64-musl"]
checksum = "sha256:fa8d337b2e97149f17d609cec5e6e5907f032390ad24bc3095f66157ce2eddf1"
url = "https://github.com/jdx/ruby/releases/download/4.0.5-1/ruby-4.0.5.arm64_linux.tar.gz"
provenance = "github-attestations"

[tools.ruby."platforms.linux-x64"]
checksum = "sha256:831f0e8bdc423156065d7965116f8d5c5fac943aff9128342094e2d745bd2051"
url = "https://github.com/jdx/ruby/releases/download/4.0.5-1/ruby-4.0.5.x86_64_linux.tar.gz"
provenance = "github-attestations"

[tools.ruby."platforms.linux-x64-musl"]
checksum = "sha256:831f0e8bdc423156065d7965116f8d5c5fac943aff9128342094e2d745bd2051"
url = "https://github.com/jdx/ruby/releases/download/4.0.5-1/ruby-4.0.5.x86_64_linux.tar.gz"
provenance = "github-attestations"

[tools.ruby."platforms.macos-arm64"]
checksum = "sha256:cc07d78e61eef4a0d04fce62bce56b6822b261dbed30bad306f6bc7f9ca7085d"
url = "https://github.com/jdx/ruby/releases/download/4.0.5-1/ruby-4.0.5.macos.tar.gz"
provenance = "github-attestations"

[tools.ruby."platforms.macos-x64"]
checksum = "sha256:7d6149079a63f8ae1d326c9fa65c6019ba2dc3155eae7b39159817911c88958e"
url = "https://cache.ruby-lang.org/pub/ruby/4.0/ruby-4.0.5.tar.gz"

[tools.ruby."platforms.windows-x64"]
checksum = "sha256:74e31613fc71e6e23431dfc4d8b6ec2818a4dc1fd16e0983b074144c16719c8b"
url = "https://github.com/oneclick/rubyinstaller2/releases/download/RubyInstaller-4.0.5-1/rubyinstaller-4.0.5-1-x64.7z"
