# @generated - this file is auto-generated by `mise lock` https://mise.en.dev/dev-tools/mise-lock.html

[[tools."gem:reek"]]
version = "6.5.0"
backend = "gem:reek"

[[tools."gem:rubocop"]]
version = "1.86.2"
backend = "gem:rubocop"

[[tools.ruby]]
version = "4.0.4"
backend = "core:ruby"

[tools.ruby."platforms.linux-arm64"]
checksum = "sha256:082cd26fcbf14ba513cf46306e4da55109de25eb08b5aea95616df5f72c42ed8"
url = "https://github.com/jdx/ruby/releases/download/4.0.4-1/ruby-4.0.4.arm64_linux.tar.gz"
provenance = "github-attestations"

[tools.ruby."platforms.linux-arm64-musl"]
checksum = "sha256:082cd26fcbf14ba513cf46306e4da55109de25eb08b5aea95616df5f72c42ed8"
url = "https://github.com/jdx/ruby/releases/download/4.0.4-1/ruby-4.0.4.arm64_linux.tar.gz"
provenance = "github-attestations"

[tools.ruby."platforms.linux-x64"]
checksum = "sha256:ecc4d8a3ec926b46533e27bb7bba921507406c6fa61e034e8f75cd127ac30796"
url = "https://github.com/jdx/ruby/releases/download/4.0.4-1/ruby-4.0.4.x86_64_linux.tar.gz"
provenance = "github-attestations"

[tools.ruby."platforms.linux-x64-musl"]
checksum = "sha256:ecc4d8a3ec926b46533e27bb7bba921507406c6fa61e034e8f75cd127ac30796"
url = "https://github.com/jdx/ruby/releases/download/4.0.4-1/ruby-4.0.4.x86_64_linux.tar.gz"
provenance = "github-attestations"

[tools.ruby."platforms.macos-arm64"]
checksum = "sha256:8e94f0e6d0b45636db21804dc2095b7d93d6fa3f639864769a4a7de2a6f3cdea"
url = "https://github.com/jdx/ruby/releases/download/4.0.4-1/ruby-4.0.4.macos.tar.gz"
provenance = "github-attestations"

[tools.ruby."platforms.macos-x64"]
checksum = "sha256:f35f6edfa3dabb3f723f9d0cf1906c6512ae77f4e412ab1e68cc6e91d230fa80"
url = "https://cache.ruby-lang.org/pub/ruby/4.0/ruby-4.0.4.tar.gz"

[tools.ruby."platforms.windows-x64"]
checksum = "sha256:4a0c2c615fca7805cebfcd0933dfb00034ddbb835fe08a96c74bd77b259f1915"
url = "https://github.com/oneclick/rubyinstaller2/releases/download/RubyInstaller-4.0.4-1/rubyinstaller-4.0.4-1-x64.7z"
